
Microsoft Visual Studio Solution File, Format Version 12.00
# Visual Studio Version 17
VisualStudioVersion = 17.4.33103.184
MinimumVisualStudioVersion = 10.0.40219.1
Project("{FAE04EC0-301F-11D3-BF4B-00C04F79EFBC}") = "DoAnLapTrinhWeb", "DoAnLapTrinhWeb\DoAnLapTrinhWeb.csproj", "{E6B36B94-89D1-4CC6-9EC9-9B4D742BFF67}"
EndProject
Global
	GlobalSection(SolutionConfigurationPlatforms) = preSolution
		Debug|Any CPU = Debug|Any CPU
		Release|Any CPU = Release|Any CPU
	EndGlobalSection
	GlobalSection(ProjectConfigurationPlatforms) = postSolution
		{E6B36B94-89D1-4CC6-9EC9-9B4D742BFF67}.Debug|Any CPU.ActiveCfg = Debug|Any CPU
		{E6B36B94-89D1-4CC6-9EC9-9B4D742BFF67}.Debug|Any CPU.Build.0 = Debug|Any CPU
		{E6B36B94-89D1-4CC6-9EC9-9B4D742BFF67}.Release|Any CPU.ActiveCfg = Release|Any CPU
		{E6B36B94-89D1-4CC6-9EC9-9B4D742BFF67}.Release|Any CPU.Build.0 = Release|Any CPU
	EndGlobalSection
	GlobalSection(SolutionProperties) = preSolution
		HideSolutionNode = FALSE
	EndGlobalSection
	GlobalSection(ExtensibilityGlobals) = postSolution
		SolutionGuid = {D5775801-3128-40AB-9F74-270435F65CEE}
	EndGlobalSection
EndGlobal
